
Microsoft Visual Studio Solution File, Format Version 11.00
# Visual Studio 2010
Project("{FAE04EC0-301F-11D3-BF4B-00C04F79EFBC}") = "Exp_01", "Assembly-CSharp.csproj", "{D21AAF49-6B01-D90F-8E2C-33BB8A4B594D}"
EndProject
Global
	GlobalSection(SolutionConfigurationPlatforms) = preSolution
		Debug|Any CPU = Debug|Any CPU
		Release|Any CPU = Release|Any CPU
	EndGlobalSection
	GlobalSection(ProjectConfigurationPlatforms) = postSolution
		{D21AAF49-6B01-D90F-8E2C-33BB8A4B594D}.Debug|Any CPU.ActiveCfg = Debug|Any CPU
		{D21AAF49-6B01-D90F-8E2C-33BB8A4B594D}.Debug|Any CPU.Build.0 = Debug|Any CPU
		{D21AAF49-6B01-D90F-8E2C-33BB8A4B594D}.Release|Any CPU.ActiveCfg = Release|Any CPU
		{D21AAF49-6B01-D90F-8E2C-33BB8A4B594D}.Release|Any CPU.Build.0 = Release|Any CPU
	EndGlobalSection
	GlobalSection(SolutionProperties) = preSolution
		HideSolutionNode = FALSE
	EndGlobalSection
	GlobalSection(MonoDevelopProperties) = preSolution
		StartupItem = Assembly-CSharp.csproj
	EndGlobalSection
EndGlobal
